<Solution>
  <Project Path="NodeEditor.Blazor.WebHost/NodeEditor.Blazor.WebHost.csproj" />
  <Project Path="NodeEditor.Blazor/NodeEditor.Blazor.csproj" />
  <Project Path="NodeEditor.Blazor.Tests/NodeEditor.Blazor.Tests.csproj" />
  <Project Path="NodeEditor.Plugins.Sample/NodeEditor.Plugins.Sample.csproj" />
  <Project Path="NodeEditor.Plugins.LlmTornado/NodeEditor.Plugins.LlmTornado.csproj" />
  <Project Path="NodeEditor.Plugins.OpenCv2/NodeEditor.Plugins.OpenCv2.csproj" />
</Solution>
