<Solution>
  <Project Path="NodeEditor.Net/NodeEditor.Net.csproj" />
  <Project Path="NodeEditor.Blazor.WebHost/NodeEditor.Blazor.WebHost.csproj" />
  <Project Path="NodeEditor.Blazor/NodeEditor.Blazor.csproj" />
  <Project Path="NodeEditor.Blazor.Tests/NodeEditor.Blazor.Tests.csproj" />
  <Project Path="NodeEditor.Mcp/NodeEditor.Mcp.csproj" />
</Solution>
