<Solution>
  <Project Path="NodeEditor/NodeEditor.csproj" Id="2a51d621-3e0d-4293-a2ad-964721bfff7b" />
  <Project Path="NodeEditorMax/NodeEditorMax.csproj" />
  <Project Path="NodeEditor.Blazor.WebHost/NodeEditor.Blazor.WebHost.csproj" />
  <Project Path="NodeEditor.Blazor/NodeEditor.Blazor.csproj" />
  <Project Path="NodeEditor.Blazor.Tests/NodeEditor.Blazor.Tests.csproj" />
  <Project Path="NodeEditor.Plugins.Sample/NodeEditor.Plugins.Sample.csproj" />
</Solution>
